
Microsoft Visual Studio Solution File, Format Version 12.00
# Visual Studio Version 16
VisualStudioVersion = 16.0.31729.503
MinimumVisualStudioVersion = 10.0.40219.1
Project("{8BC9CEB8-8B4A-11D0-8D11-00A0C91BC942}") = "Astro", "Astro\Astro.vcxproj", "{47CF5688-492F-4B51-957C-BB9087D1E55E}"
EndProject
Project("{8BC9CEB8-8B4A-11D0-8D11-00A0C91BC942}") = "TwoD", "TwoD\TwoD.vcxproj", "{7F666254-6B05-473D-A5FF-275A30E4CEEF}"
EndProject
Global
	GlobalSection(SolutionConfigurationPlatforms) = preSolution
		Debug|x64 = Debug|x64
		Release|x64 = Release|x64
	EndGlobalSection
	GlobalSection(ProjectConfigurationPlatforms) = postSolution
		{47CF5688-492F-4B51-957C-BB9087D1E55E}.Debug|x64.ActiveCfg = Debug|x64
		{47CF5688-492F-4B51-957C-BB9087D1E55E}.Debug|x64.Build.0 = Debug|x64
		{47CF5688-492F-4B51-957C-BB9087D1E55E}.Release|x64.ActiveCfg = Release|x64
		{47CF5688-492F-4B51-957C-BB9087D1E55E}.Release|x64.Build.0 = Release|x64
		{7F666254-6B05-473D-A5FF-275A30E4CEEF}.Debug|x64.ActiveCfg = Debug|x64
		{7F666254-6B05-473D-A5FF-275A30E4CEEF}.Debug|x64.Build.0 = Debug|x64
		{7F666254-6B05-473D-A5FF-275A30E4CEEF}.Release|x64.ActiveCfg = Release|x64
		{7F666254-6B05-473D-A5FF-275A30E4CEEF}.Release|x64.Build.0 = Release|x64
	EndGlobalSection
	GlobalSection(SolutionProperties) = preSolution
		HideSolutionNode = FALSE
	EndGlobalSection
	GlobalSection(ExtensibilityGlobals) = postSolution
		SolutionGuid = {70AD0ADE-7FB8-420D-B83B-52F0B2674407}
	EndGlobalSection
EndGlobal
